
Microsoft Visual Studio Solution File, Format Version 12.00
# Visual Studio Version 17
VisualStudioVersion = 17.5.2.0
MinimumVisualStudioVersion = 10.0.40219.1
Project("{FAE04EC0-301F-11D3-BF4B-00C04F79EFBC}") = "TwincatDashboard", "TwincatDashboard.csproj", "{4777EBA7-C2FA-CB5F-AD62-BBFCA862C22C}"
EndProject
Project("{FAE04EC0-301F-11D3-BF4B-00C04F79EFBC}") = "Tests", "Tests\Tests.csproj", "{66ACB716-4956-4F0A-B392-29DFE1EE4281}"
EndProject
Global
	GlobalSection(SolutionConfigurationPlatforms) = preSolution
		Debug|Any CPU = Debug|Any CPU
		Debug|x64 = Debug|x64
		Debug|x86 = Debug|x86
		Release|Any CPU = Release|Any CPU
		Release|x64 = Release|x64
		Release|x86 = Release|x86
	EndGlobalSection
	GlobalSection(ProjectConfigurationPlatforms) = postSolution
		{4777EBA7-C2FA-CB5F-AD62-BBFCA862C22C}.Debug|Any CPU.ActiveCfg = Debug|Any CPU
		{4777EBA7-C2FA-CB5F-AD62-BBFCA862C22C}.Debug|Any CPU.Build.0 = Debug|Any CPU
		{4777EBA7-C2FA-CB5F-AD62-BBFCA862C22C}.Debug|x64.ActiveCfg = Debug|Any CPU
		{4777EBA7-C2FA-CB5F-AD62-BBFCA862C22C}.Debug|x64.Build.0 = Debug|Any CPU
		{4777EBA7-C2FA-CB5F-AD62-BBFCA862C22C}.Debug|x86.ActiveCfg = Debug|Any CPU
		{4777EBA7-C2FA-CB5F-AD62-BBFCA862C22C}.Debug|x86.Build.0 = Debug|Any CPU
		{4777EBA7-C2FA-CB5F-AD62-BBFCA862C22C}.Release|Any CPU.ActiveCfg = Release|Any CPU
		{4777EBA7-C2FA-CB5F-AD62-BBFCA862C22C}.Release|Any CPU.Build.0 = Release|Any CPU
		{4777EBA7-C2FA-CB5F-AD62-BBFCA862C22C}.Release|x64.ActiveCfg = Release|Any CPU
		{4777EBA7-C2FA-CB5F-AD62-BBFCA862C22C}.Release|x64.Build.0 = Release|Any CPU
		{4777EBA7-C2FA-CB5F-AD62-BBFCA862C22C}.Release|x86.ActiveCfg = Release|Any CPU
		{4777EBA7-C2FA-CB5F-AD62-BBFCA862C22C}.Release|x86.Build.0 = Release|Any CPU
		{66ACB716-4956-4F0A-B392-29DFE1EE4281}.Debug|Any CPU.ActiveCfg = Debug|Any CPU
		{66ACB716-4956-4F0A-B392-29DFE1EE4281}.Debug|Any CPU.Build.0 = Debug|Any CPU
		{66ACB716-4956-4F0A-B392-29DFE1EE4281}.Debug|x64.ActiveCfg = Debug|Any CPU
		{66ACB716-4956-4F0A-B392-29DFE1EE4281}.Debug|x64.Build.0 = Debug|Any CPU
		{66ACB716-4956-4F0A-B392-29DFE1EE4281}.Debug|x86.ActiveCfg = Debug|Any CPU
		{66ACB716-4956-4F0A-B392-29DFE1EE4281}.Debug|x86.Build.0 = Debug|Any CPU
		{66ACB716-4956-4F0A-B392-29DFE1EE4281}.Release|Any CPU.ActiveCfg = Release|Any CPU
		{66ACB716-4956-4F0A-B392-29DFE1EE4281}.Release|Any CPU.Build.0 = Release|Any CPU
		{66ACB716-4956-4F0A-B392-29DFE1EE4281}.Release|x64.ActiveCfg = Release|Any CPU
		{66ACB716-4956-4F0A-B392-29DFE1EE4281}.Release|x64.Build.0 = Release|Any CPU
		{66ACB716-4956-4F0A-B392-29DFE1EE4281}.Release|x86.ActiveCfg = Release|Any CPU
		{66ACB716-4956-4F0A-B392-29DFE1EE4281}.Release|x86.Build.0 = Release|Any CPU
	EndGlobalSection
	GlobalSection(SolutionProperties) = preSolution
		HideSolutionNode = FALSE
	EndGlobalSection
	GlobalSection(ExtensibilityGlobals) = postSolution
		SolutionGuid = {75BA4E22-88EA-4577-A67D-7971ED8F4C75}
	EndGlobalSection
EndGlobal
