
Microsoft Visual Studio Solution File, Format Version 12.00
Project("{FAE04EC0-301F-11D3-BF4B-00C04F79EFBC}") = "TwincatDashboard", "TwincatDashboard\TwincatDashboard.csproj", "{2756DF79-D2A2-44FC-932F-71E5B02D5FE8}"
EndProject
Global
	GlobalSection(SolutionConfigurationPlatforms) = preSolution
		Debug|Any CPU = Debug|Any CPU
		Release|Any CPU = Release|Any CPU
	EndGlobalSection
	GlobalSection(ProjectConfigurationPlatforms) = postSolution
		{2756DF79-D2A2-44FC-932F-71E5B02D5FE8}.Debug|Any CPU.ActiveCfg = Debug|Any CPU
		{2756DF79-D2A2-44FC-932F-71E5B02D5FE8}.Debug|Any CPU.Build.0 = Debug|Any CPU
		{2756DF79-D2A2-44FC-932F-71E5B02D5FE8}.Release|Any CPU.ActiveCfg = Release|Any CPU
		{2756DF79-D2A2-44FC-932F-71E5B02D5FE8}.Release|Any CPU.Build.0 = Release|Any CPU
	EndGlobalSection
EndGlobal
